
Microsoft Visual Studio Solution File, Format Version 12.00
# Visual Studio Version 17
VisualStudioVersion = 17.7.34003.232
MinimumVisualStudioVersion = 10.0.40219.1
Project("{FAE04EC0-301F-11D3-BF4B-00C04F79EFBC}") = "WinFormsApp1", "WinFormsApp1\WinFormsApp1.csproj", "{0B983298-27B9-4AE8-88F9-7AF4B0EA6D3A}"
EndProject
Global
	GlobalSection(SolutionConfigurationPlatforms) = preSolution
		Debug|Any CPU = Debug|Any CPU
		Release|Any CPU = Release|Any CPU
	EndGlobalSection
	GlobalSection(ProjectConfigurationPlatforms) = postSolution
		{0B983298-27B9-4AE8-88F9-7AF4B0EA6D3A}.Debug|Any CPU.ActiveCfg = Debug|Any CPU
		{0B983298-27B9-4AE8-88F9-7AF4B0EA6D3A}.Debug|Any CPU.Build.0 = Debug|Any CPU
		{0B983298-27B9-4AE8-88F9-7AF4B0EA6D3A}.Release|Any CPU.ActiveCfg = Release|Any CPU
		{0B983298-27B9-4AE8-88F9-7AF4B0EA6D3A}.Release|Any CPU.Build.0 = Release|Any CPU
	EndGlobalSection
	GlobalSection(SolutionProperties) = preSolution
		HideSolutionNode = FALSE
	EndGlobalSection
	GlobalSection(ExtensibilityGlobals) = postSolution
		SolutionGuid = {49FFB979-F603-4AB4-A1D2-EC49D1B5FED9}
	EndGlobalSection
EndGlobal
